
Microsoft Visual Studio Solution File, Format Version 12.00
# Visual Studio Version 17
VisualStudioVersion = 17.10.35013.160
MinimumVisualStudioVersion = 10.0.40219.1
Project("{2150E333-8FDC-42A3-9474-1A3956D46DE8}") = "Api", "Api", "{AB47DDBB-1413-4FDD-AA0E-94609339180C}"
EndProject
Project("{9A19103F-16F7-4668-BE54-9A1E7A4F7556}") = "CourseManagementSystem.Api", "CourseManagementSystem.Api\CourseManagementSystem.Api.csproj", "{7F11BBFD-F7DD-4172-B88F-9CEAEC0859A5}"
EndProject
Project("{2150E333-8FDC-42A3-9474-1A3956D46DE8}") = "Tests", "Tests", "{B6B63A86-4EBE-4D0A-B0F4-12CE458B3C86}"
EndProject
Project("{9A19103F-16F7-4668-BE54-9A1E7A4F7556}") = "CourseManagementSystem.Tests", "CourseManagementSystem.Tests\CourseManagementSystem.Tests.csproj", "{AC802A7E-1EAB-4917-A492-13DEE72BAE6C}"
EndProject
Project("{9A19103F-16F7-4668-BE54-9A1E7A4F7556}") = "CourseManagementSystem.Application", "CourseManagementSystem.Application\CourseManagementSystem.Application.csproj", "{890A1DAA-F516-48A4-A489-C19DD35049B7}"
EndProject
Project("{9A19103F-16F7-4668-BE54-9A1E7A4F7556}") = "CourseManagementSystem.Domain", "CourseManagementSystem.Domain\CourseManagementSystem.Domain.csproj", "{D553F1EF-C28B-4E0B-863A-B6D83A15FA44}"
EndProject
Project("{9A19103F-16F7-4668-BE54-9A1E7A4F7556}") = "CourseManagementSystem.Infrastructure", "CourseManagementSystem.Infrastructure\CourseManagementSystem.Infrastructure.csproj", "{0F05CCDA-77EC-4315-83DF-F86910B4D241}"
EndProject
Project("{FAE04EC0-301F-11D3-BF4B-00C04F79EFBC}") = "CourseManagementSystem.Shared", "CourseManagementSystem.Shared\CourseManagementSystem.Shared.csproj", "{B6EC298D-C4C6-4C43-9A8F-4E08B5D985F5}"
EndProject
Global
	GlobalSection(SolutionConfigurationPlatforms) = preSolution
		Debug|Any CPU = Debug|Any CPU
		Release|Any CPU = Release|Any CPU
	EndGlobalSection
	GlobalSection(ProjectConfigurationPlatforms) = postSolution
		{7F11BBFD-F7DD-4172-B88F-9CEAEC0859A5}.Debug|Any CPU.ActiveCfg = Debug|Any CPU
		{7F11BBFD-F7DD-4172-B88F-9CEAEC0859A5}.Debug|Any CPU.Build.0 = Debug|Any CPU
		{7F11BBFD-F7DD-4172-B88F-9CEAEC0859A5}.Release|Any CPU.ActiveCfg = Release|Any CPU
		{7F11BBFD-F7DD-4172-B88F-9CEAEC0859A5}.Release|Any CPU.Build.0 = Release|Any CPU
		{AC802A7E-1EAB-4917-A492-13DEE72BAE6C}.Debug|Any CPU.ActiveCfg = Debug|Any CPU
		{AC802A7E-1EAB-4917-A492-13DEE72BAE6C}.Debug|Any CPU.Build.0 = Debug|Any CPU
		{AC802A7E-1EAB-4917-A492-13DEE72BAE6C}.Release|Any CPU.ActiveCfg = Release|Any CPU
		{AC802A7E-1EAB-4917-A492-13DEE72BAE6C}.Release|Any CPU.Build.0 = Release|Any CPU
		{890A1DAA-F516-48A4-A489-C19DD35049B7}.Debug|Any CPU.ActiveCfg = Debug|Any CPU
		{890A1DAA-F516-48A4-A489-C19DD35049B7}.Debug|Any CPU.Build.0 = Debug|Any CPU
		{890A1DAA-F516-48A4-A489-C19DD35049B7}.Release|Any CPU.ActiveCfg = Release|Any CPU
		{890A1DAA-F516-48A4-A489-C19DD35049B7}.Release|Any CPU.Build.0 = Release|Any CPU
		{D553F1EF-C28B-4E0B-863A-B6D83A15FA44}.Debug|Any CPU.ActiveCfg = Debug|Any CPU
		{D553F1EF-C28B-4E0B-863A-B6D83A15FA44}.Debug|Any CPU.Build.0 = Debug|Any CPU
		{D553F1EF-C28B-4E0B-863A-B6D83A15FA44}.Release|Any CPU.ActiveCfg = Release|Any CPU
		{D553F1EF-C28B-4E0B-863A-B6D83A15FA44}.Release|Any CPU.Build.0 = Release|Any CPU
		{0F05CCDA-77EC-4315-83DF-F86910B4D241}.Debug|Any CPU.ActiveCfg = Debug|Any CPU
		{0F05CCDA-77EC-4315-83DF-F86910B4D241}.Debug|Any CPU.Build.0 = Debug|Any CPU
		{0F05CCDA-77EC-4315-83DF-F86910B4D241}.Release|Any CPU.ActiveCfg = Release|Any CPU
		{0F05CCDA-77EC-4315-83DF-F86910B4D241}.Release|Any CPU.Build.0 = Release|Any CPU
		{B6EC298D-C4C6-4C43-9A8F-4E08B5D985F5}.Debug|Any CPU.ActiveCfg = Debug|Any CPU
		{B6EC298D-C4C6-4C43-9A8F-4E08B5D985F5}.Debug|Any CPU.Build.0 = Debug|Any CPU
		{B6EC298D-C4C6-4C43-9A8F-4E08B5D985F5}.Release|Any CPU.ActiveCfg = Release|Any CPU
		{B6EC298D-C4C6-4C43-9A8F-4E08B5D985F5}.Release|Any CPU.Build.0 = Release|Any CPU
	EndGlobalSection
	GlobalSection(SolutionProperties) = preSolution
		HideSolutionNode = FALSE
	EndGlobalSection
	GlobalSection(NestedProjects) = preSolution
		{7F11BBFD-F7DD-4172-B88F-9CEAEC0859A5} = {AB47DDBB-1413-4FDD-AA0E-94609339180C}
		{AC802A7E-1EAB-4917-A492-13DEE72BAE6C} = {B6B63A86-4EBE-4D0A-B0F4-12CE458B3C86}
		{890A1DAA-F516-48A4-A489-C19DD35049B7} = {AB47DDBB-1413-4FDD-AA0E-94609339180C}
		{D553F1EF-C28B-4E0B-863A-B6D83A15FA44} = {AB47DDBB-1413-4FDD-AA0E-94609339180C}
		{0F05CCDA-77EC-4315-83DF-F86910B4D241} = {AB47DDBB-1413-4FDD-AA0E-94609339180C}
		{B6EC298D-C4C6-4C43-9A8F-4E08B5D985F5} = {AB47DDBB-1413-4FDD-AA0E-94609339180C}
	EndGlobalSection
	GlobalSection(ExtensibilityGlobals) = postSolution
		SolutionGuid = {ADBA8086-3229-40E4-AC8C-30134A38257A}
	EndGlobalSection
EndGlobal
